
Microsoft Visual Studio Solution File, Format Version 12.00
# Visual Studio 14
VisualStudioVersion = 14.0.25420.1
MinimumVisualStudioVersion = 10.0.40219.1
Project("{FAE04EC0-301F-11D3-BF4B-00C04F79EFBC}") = "Goaling.PL", "Goaling\Goaling.PL.csproj", "{8F8A20AE-C24E-4C3D-9B16-75C325303480}"
EndProject
Project("{FAE04EC0-301F-11D3-BF4B-00C04F79EFBC}") = "Goaling.BL", "Goaling.BL\Goaling.BL.csproj", "{227C4C5D-244D-4ECA-A55F-B48852D78B76}"
EndProject
Project("{FAE04EC0-301F-11D3-BF4B-00C04F79EFBC}") = "Goaling.DAL", "Goaling.DAL\Goaling.DAL.csproj", "{98D59F81-9C86-46C0-B327-F478C69A9C2D}"
EndProject
Global
	GlobalSection(SolutionConfigurationPlatforms) = preSolution
		Debug|Any CPU = Debug|Any CPU
		Release|Any CPU = Release|Any CPU
	EndGlobalSection
	GlobalSection(ProjectConfigurationPlatforms) = postSolution
		{8F8A20AE-C24E-4C3D-9B16-75C325303480}.Debug|Any CPU.ActiveCfg = Debug|Any CPU
		{8F8A20AE-C24E-4C3D-9B16-75C325303480}.Debug|Any CPU.Build.0 = Debug|Any CPU
		{8F8A20AE-C24E-4C3D-9B16-75C325303480}.Release|Any CPU.ActiveCfg = Release|Any CPU
		{8F8A20AE-C24E-4C3D-9B16-75C325303480}.Release|Any CPU.Build.0 = Release|Any CPU
		{227C4C5D-244D-4ECA-A55F-B48852D78B76}.Debug|Any CPU.ActiveCfg = Debug|Any CPU
		{227C4C5D-244D-4ECA-A55F-B48852D78B76}.Debug|Any CPU.Build.0 = Debug|Any CPU
		{227C4C5D-244D-4ECA-A55F-B48852D78B76}.Release|Any CPU.ActiveCfg = Release|Any CPU
		{227C4C5D-244D-4ECA-A55F-B48852D78B76}.Release|Any CPU.Build.0 = Release|Any CPU
		{98D59F81-9C86-46C0-B327-F478C69A9C2D}.Debug|Any CPU.ActiveCfg = Debug|Any CPU
		{98D59F81-9C86-46C0-B327-F478C69A9C2D}.Debug|Any CPU.Build.0 = Debug|Any CPU
		{98D59F81-9C86-46C0-B327-F478C69A9C2D}.Release|Any CPU.ActiveCfg = Release|Any CPU
		{98D59F81-9C86-46C0-B327-F478C69A9C2D}.Release|Any CPU.Build.0 = Release|Any CPU
	EndGlobalSection
	GlobalSection(SolutionProperties) = preSolution
		HideSolutionNode = FALSE
	EndGlobalSection
EndGlobal
